
Microsoft Visual Studio Solution File, Format Version 12.00
# Visual Studio Version 17
VisualStudioVersion = 17.13.35913.81
MinimumVisualStudioVersion = 10.0.40219.1
Project("{FAE04EC0-301F-11D3-BF4B-00C04F79EFBC}") = "FunBooksAndVideos", "FunBooksAndVideos\FunBooksAndVideos.csproj", "{E452CC39-E4C4-4CF8-99AE-14E25E65EE7A}"
EndProject
Project("{FAE04EC0-301F-11D3-BF4B-00C04F79EFBC}") = "FunBooksAndVideos.UnitTests", "FunBooksAndVideos.UnitTests\FunBooksAndVideos.UnitTests.csproj", "{54656F95-0E33-4F04-A74B-62E5FB889DF1}"
EndProject
Project("{FAE04EC0-301F-11D3-BF4B-00C04F79EFBC}") = "FunBooksAndVideos.IntTests", "FunBooksAndVideos.IntTests\FunBooksAndVideos.IntTests.csproj", "{07764CC8-7735-44C3-A017-7FA845ADBB46}"
EndProject
Global
	GlobalSection(SolutionConfigurationPlatforms) = preSolution
		Debug|Any CPU = Debug|Any CPU
		Release|Any CPU = Release|Any CPU
	EndGlobalSection
	GlobalSection(ProjectConfigurationPlatforms) = postSolution
		{E452CC39-E4C4-4CF8-99AE-14E25E65EE7A}.Debug|Any CPU.ActiveCfg = Debug|Any CPU
		{E452CC39-E4C4-4CF8-99AE-14E25E65EE7A}.Debug|Any CPU.Build.0 = Debug|Any CPU
		{E452CC39-E4C4-4CF8-99AE-14E25E65EE7A}.Release|Any CPU.ActiveCfg = Release|Any CPU
		{E452CC39-E4C4-4CF8-99AE-14E25E65EE7A}.Release|Any CPU.Build.0 = Release|Any CPU
		{54656F95-0E33-4F04-A74B-62E5FB889DF1}.Debug|Any CPU.ActiveCfg = Debug|Any CPU
		{54656F95-0E33-4F04-A74B-62E5FB889DF1}.Debug|Any CPU.Build.0 = Debug|Any CPU
		{54656F95-0E33-4F04-A74B-62E5FB889DF1}.Release|Any CPU.ActiveCfg = Release|Any CPU
		{54656F95-0E33-4F04-A74B-62E5FB889DF1}.Release|Any CPU.Build.0 = Release|Any CPU
		{07764CC8-7735-44C3-A017-7FA845ADBB46}.Debug|Any CPU.ActiveCfg = Debug|Any CPU
		{07764CC8-7735-44C3-A017-7FA845ADBB46}.Debug|Any CPU.Build.0 = Debug|Any CPU
		{07764CC8-7735-44C3-A017-7FA845ADBB46}.Release|Any CPU.ActiveCfg = Release|Any CPU
		{07764CC8-7735-44C3-A017-7FA845ADBB46}.Release|Any CPU.Build.0 = Release|Any CPU
	EndGlobalSection
	GlobalSection(SolutionProperties) = preSolution
		HideSolutionNode = FALSE
	EndGlobalSection
	GlobalSection(ExtensibilityGlobals) = postSolution
		SolutionGuid = {11D07ABB-3523-47DC-BA42-9D9F29BC8489}
	EndGlobalSection
EndGlobal
